
Microsoft Visual Studio Solution File, Format Version 12.00
# Visual Studio Version 17
VisualStudioVersion = 17.14.36408.4 d17.14
MinimumVisualStudioVersion = 10.0.40219.1
Project("{8BC9CEB8-8B4A-11D0-8D11-00A0C91BC942}") = "learning_OpenGL", "learning_OpenGL\learning_OpenGL.vcxproj", "{564A26AB-2FA6-42D7-9EAA-3DDE188013A1}"
EndProject
Global
	GlobalSection(SolutionConfigurationPlatforms) = preSolution
		Debug|x64 = Debug|x64
		Debug|x86 = Debug|x86
		Release|x64 = Release|x64
		Release|x86 = Release|x86
	EndGlobalSection
	GlobalSection(ProjectConfigurationPlatforms) = postSolution
		{564A26AB-2FA6-42D7-9EAA-3DDE188013A1}.Debug|x64.ActiveCfg = Debug|x64
		{564A26AB-2FA6-42D7-9EAA-3DDE188013A1}.Debug|x64.Build.0 = Debug|x64
		{564A26AB-2FA6-42D7-9EAA-3DDE188013A1}.Debug|x86.ActiveCfg = Debug|Win32
		{564A26AB-2FA6-42D7-9EAA-3DDE188013A1}.Debug|x86.Build.0 = Debug|Win32
		{564A26AB-2FA6-42D7-9EAA-3DDE188013A1}.Release|x64.ActiveCfg = Release|x64
		{564A26AB-2FA6-42D7-9EAA-3DDE188013A1}.Release|x64.Build.0 = Release|x64
		{564A26AB-2FA6-42D7-9EAA-3DDE188013A1}.Release|x86.ActiveCfg = Release|Win32
		{564A26AB-2FA6-42D7-9EAA-3DDE188013A1}.Release|x86.Build.0 = Release|Win32
	EndGlobalSection
	GlobalSection(SolutionProperties) = preSolution
		HideSolutionNode = FALSE
	EndGlobalSection
	GlobalSection(ExtensibilityGlobals) = postSolution
		SolutionGuid = {39464BAE-F22C-42D9-AA87-AB29FFF1F898}
	EndGlobalSection
EndGlobal
